// !$*UTF8*$!
{
	archiveVersion = 1;
	classes = {
	};
	objectVersion = 77;
	objects = {

/* Begin PBXBuildFile section */
		55FE62412D46FDED006323A7 /* LICENSE.md in Resources */ = {isa = PBXBuildFile; fileRef = 55FE62402D46FDDE006323A7 /* LICENSE.md */; };
		55FE62432D46FE08006323A7 /* README.md in Resources */ = {isa = PBXBuildFile; fileRef = 55FE62422D46FDFF006323A7 /* README.md */; };
/* End PBXBuildFile section */

/* Begin PBXContainerItemProxy section */
		55FE62232D46FA69006323A7 /* PBXContainerItemProxy */ = {
			isa = PBXContainerItemProxy;
			containerPortal = 55FE62062D46FA65006323A7 /* Project object */;
			proxyType = 1;
			remoteGlobalIDString = 55FE620D2D46FA65006323A7;
			remoteInfo = "Lotus iOS";
		};
		55FE622D2D46FA69006323A7 /* PBXContainerItemProxy */ = {
			isa = PBXContainerItemProxy;
			containerPortal = 55FE62062D46FA65006323A7 /* Project object */;
			proxyType = 1;
			remoteGlobalIDString = 55FE620D2D46FA65006323A7;
			remoteInfo = "Lotus iOS";
		};
/* End PBXContainerItemProxy section */

/* Begin PBXFileReference section */
		55FE620E2D46FA65006323A7 /* Lotus iOS.app */ = {isa = PBXFileReference; explicitFileType = wrapper.application; includeInIndex = 0; path = "Lotus iOS.app"; sourceTree = BUILT_PRODUCTS_DIR; };
		55FE62222D46FA69006323A7 /* Lotus iOSTests.xctest */ = {isa = PBXFileReference; explicitFileType = wrapper.cfbundle; includeInIndex = 0; path = "Lotus iOSTests.xctest"; sourceTree = BUILT_PRODUCTS_DIR; };
		55FE622C2D46FA69006323A7 /* Lotus iOSUITests.xctest */ = {isa = PBXFileReference; explicitFileType = wrapper.cfbundle; includeInIndex = 0; path = "Lotus iOSUITests.xctest"; sourceTree = BUILT_PRODUCTS_DIR; };
		55FE62402D46FDDE006323A7 /* LICENSE.md */ = {isa = PBXFileReference; lastKnownFileType = net.daringfireball.markdown; path = LICENSE.md; sourceTree = "<group>"; };
		55FE62422D46FDFF006323A7 /* README.md */ = {isa = PBXFileReference; lastKnownFileType = net.daringfireball.markdown; path = README.md; sourceTree = "<group>"; };
/* End PBXFileReference section */

/* Begin PBXFileSystemSynchronizedBuildFileExceptionSet section */
		55FE62342D46FA69006323A7 /* Exceptions for "Lotus iOS" folder in "Lotus iOS" target */ = {
			isa = PBXFileSystemSynchronizedBuildFileExceptionSet;
			membershipExceptions = (
				Info.plist,
			);
			target = 55FE620D2D46FA65006323A7 /* Lotus iOS */;
		};
/* End PBXFileSystemSynchronizedBuildFileExceptionSet section */

/* Begin PBXFileSystemSynchronizedRootGroup section */
		55FE62102D46FA65006323A7 /* Lotus iOS */ = {
			isa = PBXFileSystemSynchronizedRootGroup;
			exceptions = (
				55FE62342D46FA69006323A7 /* Exceptions for "Lotus iOS" folder in "Lotus iOS" target */,
			);
			path = "Lotus iOS";
			sourceTree = "<group>";
		};
		55FE62252D46FA69006323A7 /* Lotus iOSTests */ = {
			isa = PBXFileSystemSynchronizedRootGroup;
			path = "Lotus iOSTests";
			sourceTree = "<group>";
		};
		55FE622F2D46FA69006323A7 /* Lotus iOSUITests */ = {
			isa = PBXFileSystemSynchronizedRootGroup;
			path = "Lotus iOSUITests";
			sourceTree = "<group>";
		};
/* End PBXFileSystemSynchronizedRootGroup section */

/* Begin PBXFrameworksBuildPhase section */
		55FE620B2D46FA65006323A7 /* Frameworks */ = {
			isa = PBXFrameworksBuildPhase;
			buildActionMask = 2147483647;
			files = (
			);
			runOnlyForDeploymentPostprocessing = 0;
		};
		55FE621F2D46FA69006323A7 /* Frameworks */ = {
			isa = PBXFrameworksBuildPhase;
			buildActionMask = 2147483647;
			files = (
			);
			runOnlyForDeploymentPostprocessing = 0;
		};
		55FE62292D46FA69006323A7 /* Frameworks */ = {
			isa = PBXFrameworksBuildPhase;
			buildActionMask = 2147483647;
			files = (
			);
			runOnlyForDeploymentPostprocessing = 0;
		};
/* End PBXFrameworksBuildPhase section */

/* Begin PBXGroup section */
		55FE62052D46FA65006323A7 = {
			isa = PBXGroup;
			children = (
				55FE62422D46FDFF006323A7 /* README.md */,
				55FE62402D46FDDE006323A7 /* LICENSE.md */,
				55FE62102D46FA65006323A7 /* Lotus iOS */,
				55FE62252D46FA69006323A7 /* Lotus iOSTests */,
				55FE622F2D46FA69006323A7 /* Lotus iOSUITests */,
				55FE620F2D46FA65006323A7 /* Products */,
			);
			sourceTree = "<group>";
		};
		55FE620F2D46FA65006323A7 /* Products */ = {
			isa = PBXGroup;
			children = (
				55FE620E2D46FA65006323A7 /* Lotus iOS.app */,
				55FE62222D46FA69006323A7 /* Lotus iOSTests.xctest */,
				55FE622C2D46FA69006323A7 /* Lotus iOSUITests.xctest */,
			);
			name = Products;
			sourceTree = "<group>";
		};
/* End PBXGroup section */

/* Begin PBXNativeTarget section */
		55FE620D2D46FA65006323A7 /* Lotus iOS */ = {
			isa = PBXNativeTarget;
			buildConfigurationList = 55FE62352D46FA69006323A7 /* Build configuration list for PBXNativeTarget "Lotus iOS" */;
			buildPhases = (
				55FE620A2D46FA65006323A7 /* Sources */,
				55FE620B2D46FA65006323A7 /* Frameworks */,
				55FE620C2D46FA65006323A7 /* Resources */,
			);
			buildRules = (
			);
			dependencies = (
			);
			fileSystemSynchronizedGroups = (
				55FE62102D46FA65006323A7 /* Lotus iOS */,
			);
			name = "Lotus iOS";
			packageProductDependencies = (
			);
			productName = "Lotus iOS";
			productReference = 55FE620E2D46FA65006323A7 /* Lotus iOS.app */;
			productType = "com.apple.product-type.application";
		};
		55FE62212D46FA69006323A7 /* Lotus iOSTests */ = {
			isa = PBXNativeTarget;
			buildConfigurationList = 55FE623A2D46FA69006323A7 /* Build configuration list for PBXNativeTarget "Lotus iOSTests" */;
			buildPhases = (
				55FE621E2D46FA69006323A7 /* Sources */,
				55FE621F2D46FA69006323A7 /* Frameworks */,
				55FE62202D46FA69006323A7 /* Resources */,
			);
			buildRules = (
			);
			dependencies = (
				55FE62242D46FA69006323A7 /* PBXTargetDependency */,
			);
			fileSystemSynchronizedGroups = (
				55FE62252D46FA69006323A7 /* Lotus iOSTests */,
			);
			name = "Lotus iOSTests";
			packageProductDependencies = (
			);
			productName = "Lotus iOSTests";
			productReference = 55FE62222D46FA69006323A7 /* Lotus iOSTests.xctest */;
			productType = "com.apple.product-type.bundle.unit-test";
		};
		55FE622B2D46FA69006323A7 /* Lotus iOSUITests */ = {
			isa = PBXNativeTarget;
			buildConfigurationList = 55FE623D2D46FA69006323A7 /* Build configuration list for PBXNativeTarget "Lotus iOSUITests" */;
			buildPhases = (
				55FE62282D46FA69006323A7 /* Sources */,
				55FE62292D46FA69006323A7 /* Frameworks */,
				55FE622A2D46FA69006323A7 /* Resources */,
			);
			buildRules = (
			);
			dependencies = (
				55FE622E2D46FA69006323A7 /* PBXTargetDependency */,
			);
			fileSystemSynchronizedGroups = (
				55FE622F2D46FA69006323A7 /* Lotus iOSUITests */,
			);
			name = "Lotus iOSUITests";
			packageProductDependencies = (
			);
			productName = "Lotus iOSUITests";
			productReference = 55FE622C2D46FA69006323A7 /* Lotus iOSUITests.xctest */;
			productType = "com.apple.product-type.bundle.ui-testing";
		};
/* End PBXNativeTarget section */

/* Begin PBXProject section */
		55FE62062D46FA65006323A7 /* Project object */ = {
			isa = PBXProject;
			attributes = {
				BuildIndependentTargetsInParallel = 1;
				LastSwiftUpdateCheck = 1620;
				LastUpgradeCheck = 1620;
				TargetAttributes = {
					55FE620D2D46FA65006323A7 = {
						CreatedOnToolsVersion = 16.2;
					};
					55FE62212D46FA69006323A7 = {
						CreatedOnToolsVersion = 16.2;
						TestTargetID = 55FE620D2D46FA65006323A7;
					};
					55FE622B2D46FA69006323A7 = {
						CreatedOnToolsVersion = 16.2;
						TestTargetID = 55FE620D2D46FA65006323A7;
					};
				};
			};
			buildConfigurationList = 55FE62092D46FA65006323A7 /* Build configuration list for PBXProject "Lotus iOS" */;
			developmentRegion = en;
			hasScannedForEncodings = 0;
			knownRegions = (
				en,
				Base,
			);
			mainGroup = 55FE62052D46FA65006323A7;
			minimizedProjectReferenceProxies = 1;
			preferredProjectObjectVersion = 77;
			productRefGroup = 55FE620F2D46FA65006323A7 /* Products */;
			projectDirPath = "";
			projectRoot = "";
			targets = (
				55FE620D2D46FA65006323A7 /* Lotus iOS */,
				55FE62212D46FA69006323A7 /* Lotus iOSTests */,
				55FE622B2D46FA69006323A7 /* Lotus iOSUITests */,
			);
		};
/* End PBXProject section */

/* Begin PBXResourcesBuildPhase section */
		55FE620C2D46FA65006323A7 /* Resources */ = {
			isa = PBXResourcesBuildPhase;
			buildActionMask = 2147483647;
			files = (
				55FE62412D46FDED006323A7 /* LICENSE.md in Resources */,
				55FE62432D46FE08006323A7 /* README.md in Resources */,
			);
			runOnlyForDeploymentPostprocessing = 0;
		};
		55FE62202D46FA69006323A7 /* Resources */ = {
			isa = PBXResourcesBuildPhase;
			buildActionMask = 2147483647;
			files = (
			);
			runOnlyForDeploymentPostprocessing = 0;
		};
		55FE622A2D46FA69006323A7 /* Resources */ = {
			isa = PBXResourcesBuildPhase;
			buildActionMask = 2147483647;
			files = (
			);
			runOnlyForDeploymentPostprocessing = 0;
		};
/* End PBXResourcesBuildPhase section */

/* Begin PBXSourcesBuildPhase section */
		55FE620A2D46FA65006323A7 /* Sources */ = {
			isa = PBXSourcesBuildPhase;
			buildActionMask = 2147483647;
			files = (
			);
			runOnlyForDeploymentPostprocessing = 0;
		};
		55FE621E2D46FA69006323A7 /* Sources */ = {
			isa = PBXSourcesBuildPhase;
			buildActionMask = 2147483647;
			files = (
			);
			runOnlyForDeploymentPostprocessing = 0;
		};
		55FE62282D46FA69006323A7 /* Sources */ = {
			isa = PBXSourcesBuildPhase;
			buildActionMask = 2147483647;
			files = (
			);
			runOnlyForDeploymentPostprocessing = 0;
		};
/* End PBXSourcesBuildPhase section */

/* Begin PBXTargetDependency section */
		55FE62242D46FA69006323A7 /* PBXTargetDependency */ = {
			isa = PBXTargetDependency;
			target = 55FE620D2D46FA65006323A7 /* Lotus iOS */;
			targetProxy = 55FE62232D46FA69006323A7 /* PBXContainerItemProxy */;
		};
		55FE622E2D46FA69006323A7 /* PBXTargetDependency */ = {
			isa = PBXTargetDependency;
			target = 55FE620D2D46FA65006323A7 /* Lotus iOS */;
			targetProxy = 55FE622D2D46FA69006323A7 /* PBXContainerItemProxy */;
		};
/* End PBXTargetDependency section */

/* Begin XCBuildConfiguration section */
		55FE62362D46FA69006323A7 /* Debug */ = {
			isa = XCBuildConfiguration;
			buildSettings = {
				ASSETCATALOG_COMPILER_APPICON_NAME = AppIcon;
				ASSETCATALOG_COMPILER_GLOBAL_ACCENT_COLOR_NAME = AccentColor;
				CODE_SIGN_ENTITLEMENTS = "Lotus iOS/Lotus_iOS.entitlements";
				CODE_SIGN_STYLE = Automatic;
				CURRENT_PROJECT_VERSION = 1;
				DEVELOPMENT_ASSET_PATHS = "\"Lotus iOS/Preview Content\"";
				DEVELOPMENT_TEAM = A62LGK8CNX;
				ENABLE_PREVIEWS = YES;
				GENERATE_INFOPLIST_FILE = YES;
				INFOPLIST_FILE = "Lotus iOS/Info.plist";
				INFOPLIST_KEY_UIApplicationSceneManifest_Generation = YES;
				INFOPLIST_KEY_UIApplicationSupportsIndirectInputEvents = YES;
				INFOPLIST_KEY_UILaunchScreen_Generation = YES;
				INFOPLIST_KEY_UISupportedInterfaceOrientations_iPad = "UIInterfaceOrientationPortrait UIInterfaceOrientationPortraitUpsideDown UIInterfaceOrientationLandscapeLeft UIInterfaceOrientationLandscapeRight";
				INFOPLIST_KEY_UISupportedInterfaceOrientations_iPhone = "UIInterfaceOrientationPortrait UIInterfaceOrientationLandscapeLeft UIInterfaceOrientationLandscapeRight";
				LD_RUNPATH_SEARCH_PATHS = (
					"$(inherited)",
					"@executable_path/Frameworks",
				);
				MARKETING_VERSION = 1.0;
				PRODUCT_BUNDLE_IDENTIFIER = "Elvic.Lotus-iOS";
				PRODUCT_NAME = "$(TARGET_NAME)";
				SWIFT_EMIT_LOC_STRINGS = YES;
				SWIFT_VERSION = 5.0;
				TARGETED_DEVICE_FAMILY = "1,2";
			};
			name = Debug;
		};
		55FE62372D46FA69006323A7 /* Release */ = {
			isa = XCBuildConfiguration;
			buildSettings = {
				ASSETCATALOG_COMPILER_APPICON_NAME = AppIcon;
				ASSETCATALOG_COMPILER_GLOBAL_ACCENT_COLOR_NAME = AccentColor;
				CODE_SIGN_ENTITLEMENTS = "Lotus iOS/Lotus_iOS.entitlements";
				CODE_SIGN_STYLE = Automatic;
				CURRENT_PROJECT_VERSION = 1;
				DEVELOPMENT_ASSET_PATHS = "\"Lotus iOS/Preview Content\"";
				DEVELOPMENT_TEAM = A62LGK8CNX;
				ENABLE_PREVIEWS = YES;
				GENERATE_INFOPLIST_FILE = YES;
				INFOPLIST_FILE = "Lotus iOS/Info.plist";
				INFOPLIST_KEY_UIApplicationSceneManifest_Generation = YES;
				INFOPLIST_KEY_UIApplicationSupportsIndirectInputEvents = YES;
				INFOPLIST_KEY_UILaunchScreen_Generation = YES;
				INFOPLIST_KEY_UISupportedInterfaceOrientations_iPad = "UIInterfaceOrientationPortrait UIInterfaceOrientationPortraitUpsideDown UIInterfaceOrientationLandscapeLeft UIInterfaceOrientationLandscapeRight";
				INFOPLIST_KEY_UISupportedInterfaceOrientations_iPhone = "UIInterfaceOrientationPortrait UIInterfaceOrientationLandscapeLeft UIInterfaceOrientationLandscapeRight";
				LD_RUNPATH_SEARCH_PATHS = (
					"$(inherited)",
					"@executable_path/Frameworks",
				);
				MARKETING_VERSION = 1.0;
				PRODUCT_BUNDLE_IDENTIFIER = "Elvic.Lotus-iOS";
				PRODUCT_NAME = "$(TARGET_NAME)";
				SWIFT_EMIT_LOC_STRINGS = YES;
				SWIFT_VERSION = 5.0;
				TARGETED_DEVICE_FAMILY = "1,2";
			};
			name = Release;
		};
		55FE62382D46FA69006323A7 /* Debug */ = {
			isa = XCBuildConfiguration;
			buildSettings = {
				ALWAYS_SEARCH_USER_PATHS = NO;
				ASSETCATALOG_COMPILER_GENERATE_SWIFT_ASSET_SYMBOL_EXTENSIONS = YES;
				CLANG_ANALYZER_NONNULL = YES;
				CLANG_ANALYZER_NUMBER_OBJECT_CONVERSION = YES_AGGRESSIVE;
				CLANG_CXX_LANGUAGE_STANDARD = "gnu++20";
				CLANG_ENABLE_MODULES = YES;
				CLANG_ENABLE_OBJC_ARC = YES;
				CLANG_ENABLE_OBJC_WEAK = YES;
				CLANG_WARN_BLOCK_CAPTURE_AUTORELEASING = YES;
				CLANG_WARN_BOOL_CONVERSION = YES;
				CLANG_WARN_COMMA = YES;
				CLANG_WARN_CONSTANT_CONVERSION = YES;
				CLANG_WARN_DEPRECATED_OBJC_IMPLEMENTATIONS = YES;
				CLANG_WARN_DIRECT_OBJC_ISA_USAGE = YES_ERROR;
				CLANG_WARN_DOCUMENTATION_COMMENTS = YES;
				CLANG_WARN_EMPTY_BODY = YES;
				CLANG_WARN_ENUM_CONVERSION = YES;
				CLANG_WARN_INFINITE_RECURSION = YES;
				CLANG_WARN_INT_CONVERSION = YES;
				CLANG_WARN_NON_LITERAL_NULL_CONVERSION = YES;
				CLANG_WARN_OBJC_IMPLICIT_RETAIN_SELF = YES;
				CLANG_WARN_OBJC_LITERAL_CONVERSION = YES;
				CLANG_WARN_OBJC_ROOT_CLASS = YES_ERROR;
				CLANG_WARN_QUOTED_INCLUDE_IN_FRAMEWORK_HEADER = YES;
				CLANG_WARN_RANGE_LOOP_ANALYSIS = YES;
				CLANG_WARN_STRICT_PROTOTYPES = YES;
				CLANG_WARN_SUSPICIOUS_MOVE = YES;
				CLANG_WARN_UNGUARDED_AVAILABILITY = YES_AGGRESSIVE;
				CLANG_WARN_UNREACHABLE_CODE = YES;
				CLANG_WARN__DUPLICATE_METHOD_MATCH = YES;
				COPY_PHASE_STRIP = NO;
				DEBUG_INFORMATION_FORMAT = dwarf;
				ENABLE_STRICT_OBJC_MSGSEND = YES;
				ENABLE_TESTABILITY = YES;
				ENABLE_USER_SCRIPT_SANDBOXING = YES;
				GCC_C_LANGUAGE_STANDARD = gnu17;
				GCC_DYNAMIC_NO_PIC = NO;
				GCC_NO_COMMON_BLOCKS = YES;
				GCC_OPTIMIZATION_LEVEL = 0;
				GCC_PREPROCESSOR_DEFINITIONS = (
					"DEBUG=1",
					"$(inherited)",
				);
				GCC_WARN_64_TO_32_BIT_CONVERSION = YES;
				GCC_WARN_ABOUT_RETURN_TYPE = YES_ERROR;
				GCC_WARN_UNDECLARED_SELECTOR = YES;
				GCC_WARN_UNINITIALIZED_AUTOS = YES_AGGRESSIVE;
				GCC_WARN_UNUSED_FUNCTION = YES;
				GCC_WARN_UNUSED_VARIABLE = YES;
				IPHONEOS_DEPLOYMENT_TARGET = 18.2;
				LOCALIZATION_PREFERS_STRING_CATALOGS = YES;
				MTL_ENABLE_DEBUG_INFO = INCLUDE_SOURCE;
				MTL_FAST_MATH = YES;
				ONLY_ACTIVE_ARCH = YES;
				SDKROOT = iphoneos;
				SWIFT_ACTIVE_COMPILATION_CONDITIONS = "DEBUG $(inherited)";
				SWIFT_OPTIMIZATION_LEVEL = "-Onone";
			};
			name = Debug;
		};
		55FE62392D46FA69006323A7 /* Release */ = {
			isa = XCBuildConfiguration;
			buildSettings = {
				ALWAYS_SEARCH_USER_PATHS = NO;
				ASSETCATALOG_COMPILER_GENERATE_SWIFT_ASSET_SYMBOL_EXTENSIONS = YES;
				CLANG_ANALYZER_NONNULL = YES;
				CLANG_ANALYZER_NUMBER_OBJECT_CONVERSION = YES_AGGRESSIVE;
				CLANG_CXX_LANGUAGE_STANDARD = "gnu++20";
				CLANG_ENABLE_MODULES = YES;
				CLANG_ENABLE_OBJC_ARC = YES;
				CLANG_ENABLE_OBJC_WEAK = YES;
				CLANG_WARN_BLOCK_CAPTURE_AUTORELEASING = YES;
				CLANG_WARN_BOOL_CONVERSION = YES;
				CLANG_WARN_COMMA = YES;
				CLANG_WARN_CONSTANT_CONVERSION = YES;
				CLANG_WARN_DEPRECATED_OBJC_IMPLEMENTATIONS = YES;
				CLANG_WARN_DIRECT_OBJC_ISA_USAGE = YES_ERROR;
				CLANG_WARN_DOCUMENTATION_COMMENTS = YES;
				CLANG_WARN_EMPTY_BODY = YES;
				CLANG_WARN_ENUM_CONVERSION = YES;
				CLANG_WARN_INFINITE_RECURSION = YES;
				CLANG_WARN_INT_CONVERSION = YES;
				CLANG_WARN_NON_LITERAL_NULL_CONVERSION = YES;
				CLANG_WARN_OBJC_IMPLICIT_RETAIN_SELF = YES;
				CLANG_WARN_OBJC_LITERAL_CONVERSION = YES;
				CLANG_WARN_OBJC_ROOT_CLASS = YES_ERROR;
				CLANG_WARN_QUOTED_INCLUDE_IN_FRAMEWORK_HEADER = YES;
				CLANG_WARN_RANGE_LOOP_ANALYSIS = YES;
				CLANG_WARN_STRICT_PROTOTYPES = YES;
				CLANG_WARN_SUSPICIOUS_MOVE = YES;
				CLANG_WARN_UNGUARDED_AVAILABILITY = YES_AGGRESSIVE;
				CLANG_WARN_UNREACHABLE_CODE = YES;
				CLANG_WARN__DUPLICATE_METHOD_MATCH = YES;
				COPY_PHASE_STRIP = NO;
				DEBUG_INFORMATION_FORMAT = "dwarf-with-dsym";
				ENABLE_NS_ASSERTIONS = NO;
				ENABLE_STRICT_OBJC_MSGSEND = YES;
				ENABLE_USER_SCRIPT_SANDBOXING = YES;
				GCC_C_LANGUAGE_STANDARD = gnu17;
				GCC_NO_COMMON_BLOCKS = YES;
				GCC_WARN_64_TO_32_BIT_CONVERSION = YES;
				GCC_WARN_ABOUT_RETURN_TYPE = YES_ERROR;
				GCC_WARN_UNDECLARED_SELECTOR = YES;
				GCC_WARN_UNINITIALIZED_AUTOS = YES_AGGRESSIVE;
				GCC_WARN_UNUSED_FUNCTION = YES;
				GCC_WARN_UNUSED_VARIABLE = YES;
				IPHONEOS_DEPLOYMENT_TARGET = 18.2;
				LOCALIZATION_PREFERS_STRING_CATALOGS = YES;
				MTL_ENABLE_DEBUG_INFO = NO;
				MTL_FAST_MATH = YES;
				SDKROOT = iphoneos;
				SWIFT_COMPILATION_MODE = wholemodule;
				VALIDATE_PRODUCT = YES;
			};
			name = Release;
		};
		55FE623B2D46FA69006323A7 /* Debug */ = {
			isa = XCBuildConfiguration;
			buildSettings = {
				BUNDLE_LOADER = "$(TEST_HOST)";
				CODE_SIGN_STYLE = Automatic;
				CURRENT_PROJECT_VERSION = 1;
				DEVELOPMENT_TEAM = A62LGK8CNX;
				GENERATE_INFOPLIST_FILE = YES;
				IPHONEOS_DEPLOYMENT_TARGET = 18.2;
				MARKETING_VERSION = 1.0;
				PRODUCT_BUNDLE_IDENTIFIER = "Elvic.Lotus-iOSTests";
				PRODUCT_NAME = "$(TARGET_NAME)";
				SWIFT_EMIT_LOC_STRINGS = NO;
				SWIFT_VERSION = 5.0;
				TARGETED_DEVICE_FAMILY = "1,2";
				TEST_HOST = "$(BUILT_PRODUCTS_DIR)/Lotus iOS.app/$(BUNDLE_EXECUTABLE_FOLDER_PATH)/Lotus iOS";
			};
			name = Debug;
		};
		55FE623C2D46FA69006323A7 /* Release */ = {
			isa = XCBuildConfiguration;
			buildSettings = {
				BUNDLE_LOADER = "$(TEST_HOST)";
				CODE_SIGN_STYLE = Automatic;
				CURRENT_PROJECT_VERSION = 1;
				DEVELOPMENT_TEAM = A62LGK8CNX;
				GENERATE_INFOPLIST_FILE = YES;
				IPHONEOS_DEPLOYMENT_TARGET = 18.2;
				MARKETING_VERSION = 1.0;
				PRODUCT_BUNDLE_IDENTIFIER = "Elvic.Lotus-iOSTests";
				PRODUCT_NAME = "$(TARGET_NAME)";
				SWIFT_EMIT_LOC_STRINGS = NO;
				SWIFT_VERSION = 5.0;
				TARGETED_DEVICE_FAMILY = "1,2";
				TEST_HOST = "$(BUILT_PRODUCTS_DIR)/Lotus iOS.app/$(BUNDLE_EXECUTABLE_FOLDER_PATH)/Lotus iOS";
			};
			name = Release;
		};
		55FE623E2D46FA69006323A7 /* Debug */ = {
			isa = XCBuildConfiguration;
			buildSettings = {
				CODE_SIGN_STYLE = Automatic;
				CURRENT_PROJECT_VERSION = 1;
				DEVELOPMENT_TEAM = A62LGK8CNX;
				GENERATE_INFOPLIST_FILE = YES;
				MARKETING_VERSION = 1.0;
				PRODUCT_BUNDLE_IDENTIFIER = "Elvic.Lotus-iOSUITests";
				PRODUCT_NAME = "$(TARGET_NAME)";
				SWIFT_EMIT_LOC_STRINGS = NO;
				SWIFT_VERSION = 5.0;
				TARGETED_DEVICE_FAMILY = "1,2";
				TEST_TARGET_NAME = "Lotus iOS";
			};
			name = Debug;
		};
		55FE623F2D46FA69006323A7 /* Release */ = {
			isa = XCBuildConfiguration;
			buildSettings = {
				CODE_SIGN_STYLE = Automatic;
				CURRENT_PROJECT_VERSION = 1;
				DEVELOPMENT_TEAM = A62LGK8CNX;
				GENERATE_INFOPLIST_FILE = YES;
				MARKETING_VERSION = 1.0;
				PRODUCT_BUNDLE_IDENTIFIER = "Elvic.Lotus-iOSUITests";
				PRODUCT_NAME = "$(TARGET_NAME)";
				SWIFT_EMIT_LOC_STRINGS = NO;
				SWIFT_VERSION = 5.0;
				TARGETED_DEVICE_FAMILY = "1,2";
				TEST_TARGET_NAME = "Lotus iOS";
			};
			name = Release;
		};
/* End XCBuildConfiguration section */

/* Begin XCConfigurationList section */
		55FE62092D46FA65006323A7 /* Build configuration list for PBXProject "Lotus iOS" */ = {
			isa = XCConfigurationList;
			buildConfigurations = (
				55FE62382D46FA69006323A7 /* Debug */,
				55FE62392D46FA69006323A7 /* Release */,
			);
			defaultConfigurationIsVisible = 0;
			defaultConfigurationName = Release;
		};
		55FE62352D46FA69006323A7 /* Build configuration list for PBXNativeTarget "Lotus iOS" */ = {
			isa = XCConfigurationList;
			buildConfigurations = (
				55FE62362D46FA69006323A7 /* Debug */,
				55FE62372D46FA69006323A7 /* Release */,
			);
			defaultConfigurationIsVisible = 0;
			defaultConfigurationName = Release;
		};
		55FE623A2D46FA69006323A7 /* Build configuration list for PBXNativeTarget "Lotus iOSTests" */ = {
			isa = XCConfigurationList;
			buildConfigurations = (
				55FE623B2D46FA69006323A7 /* Debug */,
				55FE623C2D46FA69006323A7 /* Release */,
			);
			defaultConfigurationIsVisible = 0;
			defaultConfigurationName = Release;
		};
		55FE623D2D46FA69006323A7 /* Build configuration list for PBXNativeTarget "Lotus iOSUITests" */ = {
			isa = XCConfigurationList;
			buildConfigurations = (
				55FE623E2D46FA69006323A7 /* Debug */,
				55FE623F2D46FA69006323A7 /* Release */,
			);
			defaultConfigurationIsVisible = 0;
			defaultConfigurationName = Release;
		};
/* End XCConfigurationList section */
	};
	rootObject = 55FE62062D46FA65006323A7 /* Project object */;
}
